github.com/ChristianStefaniw/cgr v1.0.0-alpha.3 h1:EwSy8GpAis0rAAV/Ul64CqAHnRZsSqXID+MHpIVmlmU=
github.com/ChristianStefaniw/cgr v1.0.0-alpha.3/go.mod h1:PTdTlNgAv//YtKH93Q+Qtkurg4JoXGYuTwNwB4FjSi4=
github.com/ben-christian-dev/safteynet-server v0.0.0-20210317192150-e2001cea40dd h1:BJuSn078LaPXwtF3LQPNBDzcQY2nj934it03WDV9X+4=
